[root]
name = "rust-sdl2-lazyfoo"
version = "0.0.1"
dependencies = [
 "sdl2 0.0.17 (registry+https://github.com/rust-lang/crates.io-index)",
 "sdl2_image 0.0.1-alpha.1 (git+https://github.com/xsleonard/rust-sdl2_image)",
]

[[package]]
name = "pkg-config"
version = "0.1.4"
source = "registry+https://github.com/rust-lang/crates.io-index"

[[package]]
name = "sdl2"
version = "0.0.17"
source = "registry+https://github.com/rust-lang/crates.io-index"
dependencies = [
 "sdl2-sys 0.0.16 (registry+https://github.com/rust-lang/crates.io-index)",
]

[[package]]
name = "sdl2-sys"
version = "0.0.16"
source = "registry+https://github.com/rust-lang/crates.io-index"
dependencies = [
 "pkg-config 0.1.4 (registry+https://github.com/rust-lang/crates.io-index)",
]

[[package]]
name = "sdl2_image"
version = "0.0.1-alpha.1"
source = "git+https://github.com/xsleonard/rust-sdl2_image#e6673b1d515ce031fe5ef194ef5c72543fdf926e"
dependencies = [
 "sdl2 0.0.17 (registry+https://github.com/rust-lang/crates.io-index)",
]

